
Microsoft Visual Studio Solution File, Format Version 12.00
# Visual Studio Version 17
VisualStudioVersion = 17.8.34316.72
MinimumVisualStudioVersion = 10.0.40219.1
Project("{54A90642-561A-4BB1-A94E-469ADEE60C69}") = "Contratos", "Contratos\Contratos.esproj", "{0A6BDE75-5FCC-4237-B924-3DA0D88BD5BA}"
EndProject
Project("{9A19103F-16F7-4668-BE54-9A1E7A4F7556}") = "ContratosAPI", "ContratosAPI\ContratosAPI.csproj", "{7A6F72C3-33AE-4710-B0E2-10E6202DA2D8}"
EndProject
Project("{FAE04EC0-301F-11D3-BF4B-00C04F79EFBC}") = "ContratosAPI.Test", "ContratosAPI.Test\ContratosAPI.Test.csproj", "{D58FEB46-E6CA-4F92-92B3-95A4D9C3767B}"
EndProject
Global
	GlobalSection(SolutionConfigurationPlatforms) = preSolution
		Debug|Any CPU = Debug|Any CPU
		Release|Any CPU = Release|Any CPU
	EndGlobalSection
	GlobalSection(ProjectConfigurationPlatforms) = postSolution
		{0A6BDE75-5FCC-4237-B924-3DA0D88BD5BA}.Debug|Any CPU.ActiveCfg = Debug|Any CPU
		{0A6BDE75-5FCC-4237-B924-3DA0D88BD5BA}.Debug|Any CPU.Build.0 = Debug|Any CPU
		{0A6BDE75-5FCC-4237-B924-3DA0D88BD5BA}.Debug|Any CPU.Deploy.0 = Debug|Any CPU
		{0A6BDE75-5FCC-4237-B924-3DA0D88BD5BA}.Release|Any CPU.ActiveCfg = Release|Any CPU
		{0A6BDE75-5FCC-4237-B924-3DA0D88BD5BA}.Release|Any CPU.Build.0 = Release|Any CPU
		{0A6BDE75-5FCC-4237-B924-3DA0D88BD5BA}.Release|Any CPU.Deploy.0 = Release|Any CPU
		{7A6F72C3-33AE-4710-B0E2-10E6202DA2D8}.Debug|Any CPU.ActiveCfg = Debug|Any CPU
		{7A6F72C3-33AE-4710-B0E2-10E6202DA2D8}.Debug|Any CPU.Build.0 = Debug|Any CPU
		{7A6F72C3-33AE-4710-B0E2-10E6202DA2D8}.Release|Any CPU.ActiveCfg = Release|Any CPU
		{7A6F72C3-33AE-4710-B0E2-10E6202DA2D8}.Release|Any CPU.Build.0 = Release|Any CPU
		{D58FEB46-E6CA-4F92-92B3-95A4D9C3767B}.Debug|Any CPU.ActiveCfg = Debug|Any CPU
		{D58FEB46-E6CA-4F92-92B3-95A4D9C3767B}.Debug|Any CPU.Build.0 = Debug|Any CPU
		{D58FEB46-E6CA-4F92-92B3-95A4D9C3767B}.Release|Any CPU.ActiveCfg = Release|Any CPU
		{D58FEB46-E6CA-4F92-92B3-95A4D9C3767B}.Release|Any CPU.Build.0 = Release|Any CPU
	EndGlobalSection
	GlobalSection(SolutionProperties) = preSolution
		HideSolutionNode = FALSE
	EndGlobalSection
	GlobalSection(ExtensibilityGlobals) = postSolution
		SolutionGuid = {ECD2938A-5E42-435B-B99C-3CD36E6AA55D}
	EndGlobalSection
EndGlobal
